PODS:
  - Capacitor (7.4.4):
    - CapacitorCordova
  - CapacitorApp (7.1.2):
    - Capacitor
  - CapacitorBrowser (7.0.5):
    - Capacitor
  - CapacitorCamera (7.0.2):
    - Capacitor
  - CapacitorCordova (7.4.4)
  - CapacitorHaptics (7.0.2):
    - Capacitor
  - CapacitorLocalNotifications (7.0.3):
    - Capacitor
  - CapacitorSplashScreen (7.0.3):
    - Capacitor
  - CapacitorStatusBar (7.0.3):
    - Capacitor

DEPENDENCIES:
  - "Capacitor (from `../../node_modules/@capacitor/ios`)"
  - "CapacitorApp (from `../../node_modules/@capacitor/app`)"
  - "CapacitorBrowser (from `../../node_modules/@capacitor/browser`)"
  - "CapacitorCamera (from `../../node_modules/@capacitor/camera`)"
  - "CapacitorCordova (from `../../node_modules/@capacitor/ios`)"
  - "CapacitorHaptics (from `../../node_modules/@capacitor/haptics`)"
  - "CapacitorLocalNotifications (from `../../node_modules/@capacitor/local-notifications`)"
  - "CapacitorSplashScreen (from `../../node_modules/@capacitor/splash-screen`)"
  - "CapacitorStatusBar (from `../../node_modules/@capacitor/status-bar`)"

EXTERNAL SOURCES:
  Capacitor:
    :path: "../../node_modules/@capacitor/ios"
  CapacitorApp:
    :path: "../../node_modules/@capacitor/app"
  CapacitorBrowser:
    :path: "../../node_modules/@capacitor/browser"
  CapacitorCamera:
    :path: "../../node_modules/@capacitor/camera"
  CapacitorCordova:
    :path: "../../node_modules/@capacitor/ios"
  CapacitorHaptics:
    :path: "../../node_modules/@capacitor/haptics"
  CapacitorLocalNotifications:
    :path: "../../node_modules/@capacitor/local-notifications"
  CapacitorSplashScreen:
    :path: "../../node_modules/@capacitor/splash-screen"
  CapacitorStatusBar:
    :path: "../../node_modules/@capacitor/status-bar"

SPEC CHECKSUMS:
  Capacitor: 358dd1c3fdd71d969547b17e159fd8a7736cb45f
  CapacitorApp: f01a913211780e0718dae9750442c3e23f96e106
  CapacitorBrowser: 6d09f59655e89aede71654ef08b98de55cf032b6
  CapacitorCamera: f9e54db0a18bb218a8dc360907d63aaefe9209ff
  CapacitorCordova: bf648a636f3c153f652d312ae145fb508b6ffced
  CapacitorHaptics: b3fb2869e72c4466e18ce9ccbeb60a3d8723b3d4
  CapacitorLocalNotifications: 0811aef56ab2e5f7f9ae72f47d3473ab50c29038
  CapacitorSplashScreen: e388b8e0ed0e982a9d3a40417f478e7a018a8763
  CapacitorStatusBar: 0659ddc7b1713764a05831463d215b177a15d054

PODFILE CHECKSUM: ce4e9008619176c932a6f6f77dc4da69df0e532f

COCOAPODS: 1.16.2
